
Microsoft Visual Studio Solution File, Format Version 12.00
# Visual Studio Version 16
VisualStudioVersion = 16.0.31729.503
MinimumVisualStudioVersion = 10.0.40219.1
Project("{FAE04EC0-301F-11D3-BF4B-00C04F79EFBC}") = "202113709049 Meryem Çirkin Final Proje", "202113709049 Meryem Çirkin Final Proje\202113709049 Meryem Çirkin Final Proje.csproj", "{6AC8743E-7522-414D-A10B-523F19DCCA1B}"
EndProject
Global
	GlobalSection(SolutionConfigurationPlatforms) = preSolution
		Debug|Any CPU = Debug|Any CPU
		Release|Any CPU = Release|Any CPU
	EndGlobalSection
	GlobalSection(ProjectConfigurationPlatforms) = postSolution
		{6AC8743E-7522-414D-A10B-523F19DCCA1B}.Debug|Any CPU.ActiveCfg = Debug|Any CPU
		{6AC8743E-7522-414D-A10B-523F19DCCA1B}.Debug|Any CPU.Build.0 = Debug|Any CPU
		{6AC8743E-7522-414D-A10B-523F19DCCA1B}.Release|Any CPU.ActiveCfg = Release|Any CPU
		{6AC8743E-7522-414D-A10B-523F19DCCA1B}.Release|Any CPU.Build.0 = Release|Any CPU
	EndGlobalSection
	GlobalSection(SolutionProperties) = preSolution
		HideSolutionNode = FALSE
	EndGlobalSection
	GlobalSection(ExtensibilityGlobals) = postSolution
		SolutionGuid = {0F239414-6160-43A6-BA43-D4BE26244E8F}
	EndGlobalSection
EndGlobal
